
Microsoft Visual Studio Solution File, Format Version 12.00
# Visual Studio Version 16
VisualStudioVersion = 16.0.31613.86
MinimumVisualStudioVersion = 10.0.40219.1
Project("{F184B08F-C81C-45F6-A57F-5ABD9991F28F}") = "AffineShift", "AffineShift.vbproj", "{BE0FDF69-0AE4-4478-9BEA-9C078FBA0B8E}"
EndProject
Global
	GlobalSection(SolutionConfigurationPlatforms) = preSolution
		Debug|Any CPU = Debug|Any CPU
		Release|Any CPU = Release|Any CPU
	EndGlobalSection
	GlobalSection(ProjectConfigurationPlatforms) = postSolution
		{BE0FDF69-0AE4-4478-9BEA-9C078FBA0B8E}.Debug|Any CPU.ActiveCfg = Debug|Any CPU
		{BE0FDF69-0AE4-4478-9BEA-9C078FBA0B8E}.Debug|Any CPU.Build.0 = Debug|Any CPU
		{BE0FDF69-0AE4-4478-9BEA-9C078FBA0B8E}.Release|Any CPU.ActiveCfg = Release|Any CPU
		{BE0FDF69-0AE4-4478-9BEA-9C078FBA0B8E}.Release|Any CPU.Build.0 = Release|Any CPU
	EndGlobalSection
	GlobalSection(SolutionProperties) = preSolution
		HideSolutionNode = FALSE
	EndGlobalSection
	GlobalSection(ExtensibilityGlobals) = postSolution
		SolutionGuid = {031F5B58-1E29-401D-8476-C8879E5BDAFF}
	EndGlobalSection
EndGlobal
